// !$*UTF8*$!
{
	archiveVersion = 1;
	classes = {
	};
	objectVersion = 46;
	objects = {

/* Begin PBXBuildFile section */
		7A3B8EEF1E856E8400F139F0 /* ExecuteWorkoutIC.swift in Sources */ = {isa = PBXBuildFile; fileRef = 7A3B8EEE1E856E8400F139F0 /* ExecuteWorkoutIC.swift */; };
		7A5A47F11E78A3CF00ABCF46 /* Localizable.strings in Resources */ = {isa = PBXBuildFile; fileRef = 7A5A47F01E78A3CF00ABCF46 /* Localizable.strings */; };
		7A5D2B711E8422DB008EED4C /* WorkoutDetailIC.swift in Sources */ = {isa = PBXBuildFile; fileRef = 7A5D2B701E8422DB008EED4C /* WorkoutDetailIC.swift */; };
		7A5EFA491E81408000A4CF41 /* Main iOS & watchOS.swift in Sources */ = {isa = PBXBuildFile; fileRef = 7ADC03BD1E78A187005BDC25 /* Main iOS & watchOS.swift */; };
		7ACE8B6F1E76D0D00011F839 /* MBLibrary.framework in Frameworks */ = {isa = PBXBuildFile; fileRef = 7ACE8B681E76CF720011F839 /* MBLibrary.framework */; };
		7ACE8B701E76D0D00011F839 /* MBLibrary.framework in Embed Frameworks */ = {isa = PBXBuildFile; fileRef = 7ACE8B681E76CF720011F839 /* MBLibrary.framework */; settings = {ATTRIBUTES = (CodeSignOnCopy, RemoveHeadersOnCopy, ); }; };
		7ACF6D871E802FD200579B67 /* Assets.xcassets in Resources */ = {isa = PBXBuildFile; fileRef = 7ACF6D861E802FD200579B67 /* Assets.xcassets */; };
		7ACF6D8E1E802FD200579B67 /* Gym Tracker watchOS Extension.appex in Embed App Extensions */ = {isa = PBXBuildFile; fileRef = 7ACF6D8D1E802FD200579B67 /* Gym Tracker watchOS Extension.appex */; settings = {ATTRIBUTES = (RemoveHeadersOnCopy, ); }; };
		7ACF6D931E802FD200579B67 /* WorkoutListIC.swift in Sources */ = {isa = PBXBuildFile; fileRef = 7ACF6D921E802FD200579B67 /* WorkoutListIC.swift */; };
		7ACF6D951E802FD200579B67 /* ExtensionDelegate.swift in Sources */ = {isa = PBXBuildFile; fileRef = 7ACF6D941E802FD200579B67 /* ExtensionDelegate.swift */; };
		7ACF6D971E802FD200579B67 /* Assets.xcassets in Resources */ = {isa = PBXBuildFile; fileRef = 7ACF6D961E802FD200579B67 /* Assets.xcassets */; };
		7ACF6D9B1E802FD200579B67 /* Gym Tracker.app in Embed Watch Content */ = {isa = PBXBuildFile; fileRef = 7ACF6D811E802FD200579B67 /* Gym Tracker.app */; };
		7ACF6DAB1E8038F700579B67 /* Localizable.strings in Resources */ = {isa = PBXBuildFile; fileRef = 7A5A47F01E78A3CF00ABCF46 /* Localizable.strings */; };
		7ACF6DAD1E8038FB00579B67 /* Preferences.swift in Sources */ = {isa = PBXBuildFile; fileRef = 7AE10A421E7D6F1000A64CF7 /* Preferences.swift */; };
		7ACF6DAE1E8038FB00579B67 /* Workout.swift in Sources */ = {isa = PBXBuildFile; fileRef = 7ADC03BF1E78A187005BDC25 /* Workout.swift */; };
		7ACF6DAF1E8038FB00579B67 /* Exercize.swift in Sources */ = {isa = PBXBuildFile; fileRef = 7ADC03BA1E78A187005BDC25 /* Exercize.swift */; };
		7ACF6DB01E8038FB00579B67 /* RepsSet.swift in Sources */ = {isa = PBXBuildFile; fileRef = 7ADC03BE1E78A187005BDC25 /* RepsSet.swift */; };
		7ACF6DB11E80390100579B67 /* GymTracker.xcdatamodeld in Sources */ = {isa = PBXBuildFile; fileRef = 7ADC03BB1E78A187005BDC25 /* GymTracker.xcdatamodeld */; };
		7ACF6DB41E8039B500579B67 /* Main watchOS.swift in Sources */ = {isa = PBXBuildFile; fileRef = 7ACF6DB31E8039B500579B67 /* Main watchOS.swift */; };
		7ACF6DB71E8039EB00579B67 /* Main iOS.swift in Sources */ = {isa = PBXBuildFile; fileRef = 7ACF6DB61E8039EB00579B67 /* Main iOS.swift */; };
		7ACF6DB91E803B0300579B67 /* MBLibrary.framework in Frameworks */ = {isa = PBXBuildFile; fileRef = 7ACE8B6C1E76CF720011F839 /* MBLibrary.framework */; };
		7ACF6DBA1E803B0300579B67 /* MBLibrary.framework in Embed Frameworks */ = {isa = PBXBuildFile; fileRef = 7ACE8B6C1E76CF720011F839 /* MBLibrary.framework */; settings = {ATTRIBUTES = (CodeSignOnCopy, RemoveHeadersOnCopy, ); }; };
		7ACF6DC01E803DF300579B67 /* DataManager.swift in Sources */ = {isa = PBXBuildFile; fileRef = 7ADC03B91E78A187005BDC25 /* DataManager.swift */; };
		7ADC03C01E78A187005BDC25 /* DataManager.swift in Sources */ = {isa = PBXBuildFile; fileRef = 7ADC03B91E78A187005BDC25 /* DataManager.swift */; };
		7ADC03C11E78A187005BDC25 /* Exercize.swift in Sources */ = {isa = PBXBuildFile; fileRef = 7ADC03BA1E78A187005BDC25 /* Exercize.swift */; };
		7ADC03C21E78A187005BDC25 /* GymTracker.xcdatamodeld in Sources */ = {isa = PBXBuildFile; fileRef = 7ADC03BB1E78A187005BDC25 /* GymTracker.xcdatamodeld */; };
		7ADC03C31E78A187005BDC25 /* Main iOS & watchOS.swift in Sources */ = {isa = PBXBuildFile; fileRef = 7ADC03BD1E78A187005BDC25 /* Main iOS & watchOS.swift */; };
		7ADC03C41E78A187005BDC25 /* RepsSet.swift in Sources */ = {isa = PBXBuildFile; fileRef = 7ADC03BE1E78A187005BDC25 /* RepsSet.swift */; };
		7ADC03C51E78A187005BDC25 /* Workout.swift in Sources */ = {isa = PBXBuildFile; fileRef = 7ADC03BF1E78A187005BDC25 /* Workout.swift */; };
		7ADC03D51E78A328005BDC25 /* AppDelegate.swift in Sources */ = {isa = PBXBuildFile; fileRef = 7ADC03C91E78A328005BDC25 /* AppDelegate.swift */; };
		7ADC03D61E78A328005BDC25 /* Assets.xcassets in Resources */ = {isa = PBXBuildFile; fileRef = 7ADC03CA1E78A328005BDC25 /* Assets.xcassets */; };
		7ADC03D71E78A328005BDC25 /* LaunchScreen.storyboard in Resources */ = {isa = PBXBuildFile; fileRef = 7ADC03CB1E78A328005BDC25 /* LaunchScreen.storyboard */; };
		7ADC03D81E78A328005BDC25 /* Main.storyboard in Resources */ = {isa = PBXBuildFile; fileRef = 7ADC03CD1E78A328005BDC25 /* Main.storyboard */; };
		7ADC03D91E78A328005BDC25 /* ExercizeTVC.swift in Sources */ = {isa = PBXBuildFile; fileRef = 7ADC03CF1E78A328005BDC25 /* ExercizeTVC.swift */; };
		7ADC03DC1E78A328005BDC25 /* TableView Cells.swift in Sources */ = {isa = PBXBuildFile; fileRef = 7ADC03D21E78A328005BDC25 /* TableView Cells.swift */; };
		7ADC03DD1E78A328005BDC25 /* WorkoutListTVC.swift in Sources */ = {isa = PBXBuildFile; fileRef = 7ADC03D31E78A328005BDC25 /* WorkoutListTVC.swift */; };
		7ADC03DE1E78A328005BDC25 /* WorkoutTVC.swift in Sources */ = {isa = PBXBuildFile; fileRef = 7ADC03D41E78A328005BDC25 /* WorkoutTVC.swift */; };
		7ADCF6911E81135700ECF011 /* TableView CellControllers.swift in Sources */ = {isa = PBXBuildFile; fileRef = 7ADCF6901E81135700ECF011 /* TableView CellControllers.swift */; };
		7AE10A431E7D6F1000A64CF7 /* Preferences.swift in Sources */ = {isa = PBXBuildFile; fileRef = 7AE10A421E7D6F1000A64CF7 /* Preferences.swift */; };
		7AEE4D661E812A9200D843EB /* Interface.storyboard in Resources */ = {isa = PBXBuildFile; fileRef = 7AEE4D641E812A9200D843EB /* Interface.storyboard */; };
/* End PBXBuildFile section */

/* Begin PBXContainerItemProxy section */
		7ACE8B671E76CF720011F839 /* PBXContainerItemProxy */ = {
			isa = PBXContainerItemProxy;
			containerPortal = 7ACE8B601E76CF710011F839 /* MBLibrary.xcodeproj */;
			proxyType = 2;
			remoteGlobalIDString = 7A584FA51D3E241C000C739B;
			remoteInfo = "MBLibrary iOS";
		};
		7ACE8B691E76CF720011F839 /* PBXContainerItemProxy */ = {
			isa = PBXContainerItemProxy;
			containerPortal = 7ACE8B601E76CF710011F839 /* MBLibrary.xcodeproj */;
			proxyType = 2;
			remoteGlobalIDString = 7A0064CA1D3E9AF00089297D;
			remoteInfo = "MBLibrary macOS";
		};
		7ACE8B6B1E76CF720011F839 /* PBXContainerItemProxy */ = {
			isa = PBXContainerItemProxy;
			containerPortal = 7ACE8B601E76CF710011F839 /* MBLibrary.xcodeproj */;
			proxyType = 2;
			remoteGlobalIDString = 7A0064FE1D3EB02B0089297D;
			remoteInfo = "MBLibrary watchOS";
		};
		7ACE8B6D1E76CF720011F839 /* PBXContainerItemProxy */ = {
			isa = PBXContainerItemProxy;
			containerPortal = 7ACE8B601E76CF710011F839 /* MBLibrary.xcodeproj */;
			proxyType = 2;
			remoteGlobalIDString = 7A0064DF1D3E9BFA0089297D;
			remoteInfo = MBLibraryTests;
		};
		7ACE8B711E76D0D00011F839 /* PBXContainerItemProxy */ = {
			isa = PBXContainerItemProxy;
			containerPortal = 7ACE8B601E76CF710011F839 /* MBLibrary.xcodeproj */;
			proxyType = 1;
			remoteGlobalIDString = 7A584FA41D3E241C000C739B;
			remoteInfo = "MBLibrary iOS";
		};
		7ACF6D8F1E802FD200579B67 /* PBXContainerItemProxy */ = {
			isa = PBXContainerItemProxy;
			containerPortal = 7A4539BB1E75CFC200AD0215 /* Project object */;
			proxyType = 1;
			remoteGlobalIDString = 7ACF6D8C1E802FD200579B67;
			remoteInfo = "Gym Tracker watchOS Extension";
		};
		7ACF6D991E802FD200579B67 /* PBXContainerItemProxy */ = {
			isa = PBXContainerItemProxy;
			containerPortal = 7A4539BB1E75CFC200AD0215 /* Project object */;
			proxyType = 1;
			remoteGlobalIDString = 7ACF6D801E802FD200579B67;
			remoteInfo = "Gym Tracker watchOS";
		};
		7ACF6DBB1E803B0300579B67 /* PBXContainerItemProxy */ = {
			isa = PBXContainerItemProxy;
			containerPortal = 7ACE8B601E76CF710011F839 /* MBLibrary.xcodeproj */;
			proxyType = 1;
			remoteGlobalIDString = 7A0064FD1D3EB02B0089297D;
			remoteInfo = "MBLibrary watchOS";
		};
/* End PBXContainerItemProxy section */

/* Begin PBXCopyFilesBuildPhase section */
		7ACE8B731E76D0D00011F839 /* Embed Frameworks */ = {
			isa = PBXCopyFilesBuildPhase;
			buildActionMask = 2147483647;
			dstPath = "";
			dstSubfolderSpec = 10;
			files = (
				7ACE8B701E76D0D00011F839 /* MBLibrary.framework in Embed Frameworks */,
			);
			name = "Embed Frameworks";
			runOnlyForDeploymentPostprocessing = 0;
		};
		7ACF6DA41E802FD200579B67 /* Embed App Extensions */ = {
			isa = PBXCopyFilesBuildPhase;
			buildActionMask = 2147483647;
			dstPath = "";
			dstSubfolderSpec = 13;
			files = (
				7ACF6D8E1E802FD200579B67 /* Gym Tracker watchOS Extension.appex in Embed App Extensions */,
			);
			name = "Embed App Extensions";
			runOnlyForDeploymentPostprocessing = 0;
		};
		7ACF6DA61E802FD200579B67 /* Embed Watch Content */ = {
			isa = PBXCopyFilesBuildPhase;
			buildActionMask = 2147483647;
			dstPath = "$(CONTENTS_FOLDER_PATH)/Watch";
			dstSubfolderSpec = 16;
			files = (
				7ACF6D9B1E802FD200579B67 /* Gym Tracker.app in Embed Watch Content */,
			);
			name = "Embed Watch Content";
			runOnlyForDeploymentPostprocessing = 0;
		};
		7ACF6DBD1E803B0300579B67 /* Embed Frameworks */ = {
			isa = PBXCopyFilesBuildPhase;
			buildActionMask = 2147483647;
			dstPath = "";
			dstSubfolderSpec = 10;
			files = (
				7ACF6DBA1E803B0300579B67 /* MBLibrary.framework in Embed Frameworks */,
			);
			name = "Embed Frameworks";
			runOnlyForDeploymentPostprocessing = 0;
		};
/* End PBXCopyFilesBuildPhase section */

/* Begin PBXFileReference section */
		7A3B8EEE1E856E8400F139F0 /* ExecuteWorkoutIC.swift */ = {isa = PBXFileReference; fileEncoding = 4; lastKnownFileType = sourcecode.swift; path = ExecuteWorkoutIC.swift; sourceTree = "<group>"; };
		7A4539C31E75CFC200AD0215 /* Gym Tracker.app */ = {isa = PBXFileReference; explicitFileType = wrapper.application; includeInIndex = 0; path = "Gym Tracker.app"; sourceTree = BUILT_PRODUCTS_DIR; };
		7A5A47F01E78A3CF00ABCF46 /* Localizable.strings */ = {isa = PBXFileReference; fileEncoding = 4; lastKnownFileType = text.plist.strings; path = Localizable.strings; sourceTree = "<group>"; };
		7A5D2B701E8422DB008EED4C /* WorkoutDetailIC.swift */ = {isa = PBXFileReference; fileEncoding = 4; lastKnownFileType = sourcecode.swift; path = WorkoutDetailIC.swift; sourceTree = "<group>"; };
		7ACE8B601E76CF710011F839 /* MBLibrary.xcodeproj */ = {isa = PBXFileReference; lastKnownFileType = "wrapper.pb-project"; name = MBLibrary.xcodeproj; path = ../MBLibrary/MBLibrary.xcodeproj; sourceTree = "<group>"; };
		7ACF6D811E802FD200579B67 /* Gym Tracker.app */ = {isa = PBXFileReference; explicitFileType = wrapper.application; includeInIndex = 0; path = "Gym Tracker.app"; sourceTree = BUILT_PRODUCTS_DIR; };
		7ACF6D861E802FD200579B67 /* Assets.xcassets */ = {isa = PBXFileReference; lastKnownFileType = folder.assetcatalog; path = Assets.xcassets; sourceTree = "<group>"; };
		7ACF6D881E802FD200579B67 /* Info.plist */ = {isa = PBXFileReference; lastKnownFileType = text.plist.xml; path = Info.plist; sourceTree = "<group>"; };
		7ACF6D8D1E802FD200579B67 /* Gym Tracker watchOS Extension.appex */ = {isa = PBXFileReference; explicitFileType = "wrapper.app-extension"; includeInIndex = 0; path = "Gym Tracker watchOS Extension.appex"; sourceTree = BUILT_PRODUCTS_DIR; };
		7ACF6D921E802FD200579B67 /* WorkoutListIC.swift */ = {isa = PBXFileReference; lastKnownFileType = sourcecode.swift; path = WorkoutListIC.swift; sourceTree = "<group>"; };
		7ACF6D941E802FD200579B67 /* ExtensionDelegate.swift */ = {isa = PBXFileReference; lastKnownFileType = sourcecode.swift; path = ExtensionDelegate.swift; sourceTree = "<group>"; };
		7ACF6D961E802FD200579B67 /* Assets.xcassets */ = {isa = PBXFileReference; lastKnownFileType = folder.assetcatalog; path = Assets.xcassets; sourceTree = "<group>"; };
		7ACF6D981E802FD200579B67 /* Info.plist */ = {isa = PBXFileReference; lastKnownFileType = text.plist.xml; path = Info.plist; sourceTree = "<group>"; };
		7ACF6DB31E8039B500579B67 /* Main watchOS.swift */ = {isa = PBXFileReference; fileEncoding = 4; lastKnownFileType = sourcecode.swift; path = "Main watchOS.swift"; sourceTree = "<group>"; };
		7ACF6DB61E8039EB00579B67 /* Main iOS.swift */ = {isa = PBXFileReference; fileEncoding = 4; lastKnownFileType = sourcecode.swift; path = "Main iOS.swift"; sourceTree = "<group>"; };
		7ADC03B91E78A187005BDC25 /* DataManager.swift */ = {isa = PBXFileReference; fileEncoding = 4; lastKnownFileType = sourcecode.swift; path = DataManager.swift; sourceTree = "<group>"; };
		7ADC03BA1E78A187005BDC25 /* Exercize.swift */ = {isa = PBXFileReference; fileEncoding = 4; lastKnownFileType = sourcecode.swift; path = Exercize.swift; sourceTree = "<group>"; };
		7ADC03BC1E78A187005BDC25 /* GymTracker.xcdatamodel */ = {isa = PBXFileReference; lastKnownFileType = wrapper.xcdatamodel; path = GymTracker.xcdatamodel; sourceTree = "<group>"; };
		7ADC03BD1E78A187005BDC25 /* Main iOS & watchOS.swift */ = {isa = PBXFileReference; fileEncoding = 4; lastKnownFileType = sourcecode.swift; path = "Main iOS & watchOS.swift"; sourceTree = "<group>"; };
		7ADC03BE1E78A187005BDC25 /* RepsSet.swift */ = {isa = PBXFileReference; fileEncoding = 4; lastKnownFileType = sourcecode.swift; path = RepsSet.swift; sourceTree = "<group>"; };
		7ADC03BF1E78A187005BDC25 /* Workout.swift */ = {isa = PBXFileReference; fileEncoding = 4; lastKnownFileType = sourcecode.swift; path = Workout.swift; sourceTree = "<group>"; };
		7ADC03C91E78A328005BDC25 /* AppDelegate.swift */ = {isa = PBXFileReference; fileEncoding = 4; lastKnownFileType = sourcecode.swift; path = AppDelegate.swift; sourceTree = "<group>"; };
		7ADC03CA1E78A328005BDC25 /* Assets.xcassets */ = {isa = PBXFileReference; lastKnownFileType = folder.assetcatalog; path = Assets.xcassets; sourceTree = "<group>"; };
		7ADC03CC1E78A328005BDC25 /* Base */ = {isa = PBXFileReference; lastKnownFileType = file.storyboard; name = Base; path = Base.lproj/LaunchScreen.storyboard; sourceTree = "<group>"; };
		7ADC03CE1E78A328005BDC25 /* Base */ = {isa = PBXFileReference; lastKnownFileType = file.storyboard; name = Base; path = Base.lproj/Main.storyboard; sourceTree = "<group>"; };
		7ADC03CF1E78A328005BDC25 /* ExercizeTVC.swift */ = {isa = PBXFileReference; fileEncoding = 4; lastKnownFileType = sourcecode.swift; path = ExercizeTVC.swift; sourceTree = "<group>"; };
		7ADC03D01E78A328005BDC25 /* Info.plist */ = {isa = PBXFileReference; fileEncoding = 4; lastKnownFileType = text.plist.xml; path = Info.plist; sourceTree = "<group>"; };
		7ADC03D21E78A328005BDC25 /* TableView Cells.swift */ = {isa = PBXFileReference; fileEncoding = 4; lastKnownFileType = sourcecode.swift; path = "TableView Cells.swift"; sourceTree = "<group>"; };
		7ADC03D31E78A328005BDC25 /* WorkoutListTVC.swift */ = {isa = PBXFileReference; fileEncoding = 4; lastKnownFileType = sourcecode.swift; path = WorkoutListTVC.swift; sourceTree = "<group>"; };
		7ADC03D41E78A328005BDC25 /* WorkoutTVC.swift */ = {isa = PBXFileReference; fileEncoding = 4; lastKnownFileType = sourcecode.swift; path = WorkoutTVC.swift; sourceTree = "<group>"; };
		7ADCF6901E81135700ECF011 /* TableView CellControllers.swift */ = {isa = PBXFileReference; fileEncoding = 4; lastKnownFileType = sourcecode.swift; path = "TableView CellControllers.swift"; sourceTree = "<group>"; };
		7AE10A421E7D6F1000A64CF7 /* Preferences.swift */ = {isa = PBXFileReference; fileEncoding = 4; lastKnownFileType = sourcecode.swift; path = Preferences.swift; sourceTree = "<group>"; };
		7AEE4D651E812A9200D843EB /* Base */ = {isa = PBXFileReference; lastKnownFileType = file.storyboard; name = Base; path = Base.lproj/Interface.storyboard; sourceTree = "<group>"; };
/* End PBXFileReference section */

/* Begin PBXFrameworksBuildPhase section */
		7A4539C01E75CFC200AD0215 /* Frameworks */ = {
			isa = PBXFrameworksBuildPhase;
			buildActionMask = 2147483647;
			files = (
				7ACE8B6F1E76D0D00011F839 /* MBLibrary.framework in Frameworks */,
			);
			runOnlyForDeploymentPostprocessing = 0;
		};
		7ACF6D8A1E802FD200579B67 /* Frameworks */ = {
			isa = PBXFrameworksBuildPhase;
			buildActionMask = 2147483647;
			files = (
				7ACF6DB91E803B0300579B67 /* MBLibrary.framework in Frameworks */,
			);
			runOnlyForDeploymentPostprocessing = 0;
		};
/* End PBXFrameworksBuildPhase section */

/* Begin PBXGroup section */
		7A4539BA1E75CFC200AD0215 = {
			isa = PBXGroup;
			children = (
				7ACE8B601E76CF710011F839 /* MBLibrary.xcodeproj */,
				7ADC03B81E78A187005BDC25 /* Shared */,
				7ADC03C81E78A328005BDC25 /* Gym Tracker iOS */,
				7ACF6D821E802FD200579B67 /* Gym Tracker watchOS */,
				7ACF6D911E802FD200579B67 /* Gym Tracker watchOS Extension */,
				7A4539C41E75CFC200AD0215 /* Products */,
			);
			sourceTree = "<group>";
		};
		7A4539C41E75CFC200AD0215 /* Products */ = {
			isa = PBXGroup;
			children = (
				7A4539C31E75CFC200AD0215 /* Gym Tracker.app */,
				7ACF6D811E802FD200579B67 /* Gym Tracker.app */,
				7ACF6D8D1E802FD200579B67 /* Gym Tracker watchOS Extension.appex */,
			);
			name = Products;
			sourceTree = "<group>";
		};
		7A5A47F51E78A3EA00ABCF46 /* Supporting Files */ = {
			isa = PBXGroup;
			children = (
				7ADC03D01E78A328005BDC25 /* Info.plist */,
			);
			name = "Supporting Files";
			sourceTree = "<group>";
		};
		7ACE8B611E76CF710011F839 /* Products */ = {
			isa = PBXGroup;
			children = (
				7ACE8B681E76CF720011F839 /* MBLibrary.framework */,
				7ACE8B6A1E76CF720011F839 /* MBLibrary.framework */,
				7ACE8B6C1E76CF720011F839 /* MBLibrary.framework */,
				7ACE8B6E1E76CF720011F839 /* MBLibraryTests.xctest */,
			);
			name = Products;
			sourceTree = "<group>";
		};
		7ACF6D821E802FD200579B67 /* Gym Tracker watchOS */ = {
			isa = PBXGroup;
			children = (
				7AEE4D641E812A9200D843EB /* Interface.storyboard */,
				7ACF6D861E802FD200579B67 /* Assets.xcassets */,
				7ACF6DA81E80316600579B67 /* Supporting Files */,
			);
			path = "Gym Tracker watchOS";
			sourceTree = "<group>";
		};
		7ACF6D911E802FD200579B67 /* Gym Tracker watchOS Extension */ = {
			isa = PBXGroup;
			children = (
				7ACF6DB21E80399D00579B67 /* Controller */,
				7ACF6D941E802FD200579B67 /* ExtensionDelegate.swift */,
				7ACF6DB31E8039B500579B67 /* Main watchOS.swift */,
				7ACF6D961E802FD200579B67 /* Assets.xcassets */,
				7ACF6DA91E80317A00579B67 /* Supporting Files */,
			);
			path = "Gym Tracker watchOS Extension";
			sourceTree = "<group>";
		};
		7ACF6DA81E80316600579B67 /* Supporting Files */ = {
			isa = PBXGroup;
			children = (
				7ACF6D881E802FD200579B67 /* Info.plist */,
			);
			name = "Supporting Files";
			sourceTree = "<group>";
		};
		7ACF6DA91E80317A00579B67 /* Supporting Files */ = {
			isa = PBXGroup;
			children = (
				7ACF6D981E802FD200579B67 /* Info.plist */,
			);
			name = "Supporting Files";
			sourceTree = "<group>";
		};
		7ACF6DB21E80399D00579B67 /* Controller */ = {
			isa = PBXGroup;
			children = (
				7ACF6D921E802FD200579B67 /* WorkoutListIC.swift */,
				7A5D2B701E8422DB008EED4C /* WorkoutDetailIC.swift */,
				7A3B8EEE1E856E8400F139F0 /* ExecuteWorkoutIC.swift */,
				7ADCF6901E81135700ECF011 /* TableView CellControllers.swift */,
			);
			name = Controller;
			sourceTree = "<group>";
		};
		7ADC03B81E78A187005BDC25 /* Shared */ = {
			isa = PBXGroup;
			children = (
				7ADC03C61E78A193005BDC25 /* Model */,
				7ADC03BD1E78A187005BDC25 /* Main iOS & watchOS.swift */,
				7A5A47F01E78A3CF00ABCF46 /* Localizable.strings */,
			);
			path = Shared;
			sourceTree = "<group>";
		};
		7ADC03C61E78A193005BDC25 /* Model */ = {
			isa = PBXGroup;
			children = (
				7ADC03B91E78A187005BDC25 /* DataManager.swift */,
				7AE10A421E7D6F1000A64CF7 /* Preferences.swift */,
				7ADC03BF1E78A187005BDC25 /* Workout.swift */,
				7ADC03BA1E78A187005BDC25 /* Exercize.swift */,
				7ADC03BE1E78A187005BDC25 /* RepsSet.swift */,
				7ADC03BB1E78A187005BDC25 /* GymTracker.xcdatamodeld */,
			);
			name = Model;
			sourceTree = "<group>";
		};
		7ADC03C81E78A328005BDC25 /* Gym Tracker iOS */ = {
			isa = PBXGroup;
			children = (
				7ADC03E31E78A337005BDC25 /* Controller */,
				7ADC03E41E78A34E005BDC25 /* View */,
				7ADC03C91E78A328005BDC25 /* AppDelegate.swift */,
				7ACF6DB61E8039EB00579B67 /* Main iOS.swift */,
				7ADC03CA1E78A328005BDC25 /* Assets.xcassets */,
				7A5A47F51E78A3EA00ABCF46 /* Supporting Files */,
			);
			path = "Gym Tracker iOS";
			sourceTree = "<group>";
		};
		7ADC03E31E78A337005BDC25 /* Controller */ = {
			isa = PBXGroup;
			children = (
				7ADC03D31E78A328005BDC25 /* WorkoutListTVC.swift */,
				7ADC03D41E78A328005BDC25 /* WorkoutTVC.swift */,
				7ADC03CF1E78A328005BDC25 /* ExercizeTVC.swift */,
			);
			name = Controller;
			sourceTree = "<group>";
		};
		7ADC03E41E78A34E005BDC25 /* View */ = {
			isa = PBXGroup;
			children = (
				7ADC03CD1E78A328005BDC25 /* Main.storyboard */,
				7ADC03CB1E78A328005BDC25 /* LaunchScreen.storyboard */,
				7ADC03D21E78A328005BDC25 /* TableView Cells.swift */,
			);
			name = View;
			sourceTree = "<group>";
		};
/* End PBXGroup section */

/* Begin PBXNativeTarget section */
		7A4539C21E75CFC200AD0215 /* Gym Tracker iOS */ = {
			isa = PBXNativeTarget;
			buildConfigurationList = 7A4539D51E75CFC200AD0215 /* Build configuration list for PBXNativeTarget "Gym Tracker iOS" */;
			buildPhases = (
				7A4539BF1E75CFC200AD0215 /* Sources */,
				7A4539C01E75CFC200AD0215 /* Frameworks */,
				7A4539C11E75CFC200AD0215 /* Resources */,
				7ACE8B731E76D0D00011F839 /* Embed Frameworks */,
				7ACF6DA61E802FD200579B67 /* Embed Watch Content */,
			);
			buildRules = (
			);
			dependencies = (
				7ACE8B721E76D0D00011F839 /* PBXTargetDependency */,
				7ACF6D9A1E802FD200579B67 /* PBXTargetDependency */,
			);
			name = "Gym Tracker iOS";
			productName = "Gym Tracker";
			productReference = 7A4539C31E75CFC200AD0215 /* Gym Tracker.app */;
			productType = "com.apple.product-type.application";
		};
		7ACF6D801E802FD200579B67 /* Gym Tracker watchOS */ = {
			isa = PBXNativeTarget;
			buildConfigurationList = 7ACF6DA51E802FD200579B67 /* Build configuration list for PBXNativeTarget "Gym Tracker watchOS" */;
			buildPhases = (
				7ACF6D7F1E802FD200579B67 /* Resources */,
				7ACF6DA41E802FD200579B67 /* Embed App Extensions */,
			);
			buildRules = (
			);
			dependencies = (
				7ACF6D901E802FD200579B67 /* PBXTargetDependency */,
			);
			name = "Gym Tracker watchOS";
			productName = "Gym Tracker watchOS";
			productReference = 7ACF6D811E802FD200579B67 /* Gym Tracker.app */;
			productType = "com.apple.product-type.application.watchapp2";
		};
		7ACF6D8C1E802FD200579B67 /* Gym Tracker watchOS Extension */ = {
			isa = PBXNativeTarget;
			buildConfigurationList = 7ACF6DA31E802FD200579B67 /* Build configuration list for PBXNativeTarget "Gym Tracker watchOS Extension" */;
			buildPhases = (
				7ACF6D891E802FD200579B67 /* Sources */,
				7ACF6D8A1E802FD200579B67 /* Frameworks */,
				7ACF6D8B1E802FD200579B67 /* Resources */,
				7ACF6DBD1E803B0300579B67 /* Embed Frameworks */,
			);
			buildRules = (
			);
			dependencies = (
				7ACF6DBC1E803B0300579B67 /* PBXTargetDependency */,
			);
			name = "Gym Tracker watchOS Extension";
			productName = "Gym Tracker watchOS Extension";
			productReference = 7ACF6D8D1E802FD200579B67 /* Gym Tracker watchOS Extension.appex */;
			productType = "com.apple.product-type.watchkit2-extension";
		};
/* End PBXNativeTarget section */

/* Begin PBXProject section */
		7A4539BB1E75CFC200AD0215 /* Project object */ = {
			isa = PBXProject;
			attributes = {
				LastSwiftUpdateCheck = 0820;
				LastUpgradeCheck = 0820;
				ORGANIZATIONNAME = "Marco Boschi";
				TargetAttributes = {
					7A4539C21E75CFC200AD0215 = {
						CreatedOnToolsVersion = 8.2.1;
						DevelopmentTeam = C8D57YLUAC;
						ProvisioningStyle = Automatic;
					};
					7ACF6D801E802FD200579B67 = {
						CreatedOnToolsVersion = 8.2.1;
						DevelopmentTeam = C8D57YLUAC;
						ProvisioningStyle = Automatic;
					};
					7ACF6D8C1E802FD200579B67 = {
						CreatedOnToolsVersion = 8.2.1;
						DevelopmentTeam = C8D57YLUAC;
						ProvisioningStyle = Automatic;
					};
				};
			};
			buildConfigurationList = 7A4539BE1E75CFC200AD0215 /* Build configuration list for PBXProject "Gym Tracker" */;
			compatibilityVersion = "Xcode 3.2";
			developmentRegion = English;
			hasScannedForEncodings = 0;
			knownRegions = (
				en,
				Base,
			);
			mainGroup = 7A4539BA1E75CFC200AD0215;
			productRefGroup = 7A4539C41E75CFC200AD0215 /* Products */;
			projectDirPath = "";
			projectReferences = (
				{
					ProductGroup = 7ACE8B611E76CF710011F839 /* Products */;
					ProjectRef = 7ACE8B601E76CF710011F839 /* MBLibrary.xcodeproj */;
				},
			);
			projectRoot = "";
			targets = (
				7A4539C21E75CFC200AD0215 /* Gym Tracker iOS */,
				7ACF6D801E802FD200579B67 /* Gym Tracker watchOS */,
				7ACF6D8C1E802FD200579B67 /* Gym Tracker watchOS Extension */,
			);
		};
/* End PBXProject section */

/* Begin PBXReferenceProxy section */
		7ACE8B681E76CF720011F839 /* MBLibrary.framework */ = {
			isa = PBXReferenceProxy;
			fileType = wrapper.framework;
			path = MBLibrary.framework;
			remoteRef = 7ACE8B671E76CF720011F839 /* PBXContainerItemProxy */;
			sourceTree = BUILT_PRODUCTS_DIR;
		};
		7ACE8B6A1E76CF720011F839 /* MBLibrary.framework */ = {
			isa = PBXReferenceProxy;
			fileType = wrapper.framework;
			path = MBLibrary.framework;
			remoteRef = 7ACE8B691E76CF720011F839 /* PBXContainerItemProxy */;
			sourceTree = BUILT_PRODUCTS_DIR;
		};
		7ACE8B6C1E76CF720011F839 /* MBLibrary.framework */ = {
			isa = PBXReferenceProxy;
			fileType = wrapper.framework;
			path = MBLibrary.framework;
			remoteRef = 7ACE8B6B1E76CF720011F839 /* PBXContainerItemProxy */;
			sourceTree = BUILT_PRODUCTS_DIR;
		};
		7ACE8B6E1E76CF720011F839 /* MBLibraryTests.xctest */ = {
			isa = PBXReferenceProxy;
			fileType = wrapper.cfbundle;
			path = MBLibraryTests.xctest;
			remoteRef = 7ACE8B6D1E76CF720011F839 /* PBXContainerItemProxy */;
			sourceTree = BUILT_PRODUCTS_DIR;
		};
/* End PBXReferenceProxy section */

/* Begin PBXResourcesBuildPhase section */
		7A4539C11E75CFC200AD0215 /* Resources */ = {
			isa = PBXResourcesBuildPhase;
			buildActionMask = 2147483647;
			files = (
				7ADC03D81E78A328005BDC25 /* Main.storyboard in Resources */,
				7A5A47F11E78A3CF00ABCF46 /* Localizable.strings in Resources */,
				7ADC03D71E78A328005BDC25 /* LaunchScreen.storyboard in Resources */,
				7ADC03D61E78A328005BDC25 /* Assets.xcassets in Resources */,
			);
			runOnlyForDeploymentPostprocessing = 0;
		};
		7ACF6D7F1E802FD200579B67 /* Resources */ = {
			isa = PBXResourcesBuildPhase;
			buildActionMask = 2147483647;
			files = (
				7AEE4D661E812A9200D843EB /* Interface.storyboard in Resources */,
				7ACF6D871E802FD200579B67 /* Assets.xcassets in Resources */,
			);
			runOnlyForDeploymentPostprocessing = 0;
		};
		7ACF6D8B1E802FD200579B67 /* Resources */ = {
			isa = PBXResourcesBuildPhase;
			buildActionMask = 2147483647;
			files = (
				7ACF6D971E802FD200579B67 /* Assets.xcassets in Resources */,
				7ACF6DAB1E8038F700579B67 /* Localizable.strings in Resources */,
			);
			runOnlyForDeploymentPostprocessing = 0;
		};
/* End PBXResourcesBuildPhase section */

/* Begin PBXSourcesBuildPhase section */
		7A4539BF1E75CFC200AD0215 /* Sources */ = {
			isa = PBXSourcesBuildPhase;
			buildActionMask = 2147483647;
			files = (
				7ADC03DC1E78A328005BDC25 /* TableView Cells.swift in Sources */,
				7ADC03D51E78A328005BDC25 /* AppDelegate.swift in Sources */,
				7AE10A431E7D6F1000A64CF7 /* Preferences.swift in Sources */,
				7ADC03C31E78A187005BDC25 /* Main iOS & watchOS.swift in Sources */,
				7ACF6DB71E8039EB00579B67 /* Main iOS.swift in Sources */,
				7ADC03DE1E78A328005BDC25 /* WorkoutTVC.swift in Sources */,
				7ADC03D91E78A328005BDC25 /* ExercizeTVC.swift in Sources */,
				7ADC03C21E78A187005BDC25 /* GymTracker.xcdatamodeld in Sources */,
				7ADC03DD1E78A328005BDC25 /* WorkoutListTVC.swift in Sources */,
				7ADC03C01E78A187005BDC25 /* DataManager.swift in Sources */,
				7ADC03C41E78A187005BDC25 /* RepsSet.swift in Sources */,
				7ADC03C51E78A187005BDC25 /* Workout.swift in Sources */,
				7ADC03C11E78A187005BDC25 /* Exercize.swift in Sources */,
			);
			runOnlyForDeploymentPostprocessing = 0;
		};
		7ACF6D891E802FD200579B67 /* Sources */ = {
			isa = PBXSourcesBuildPhase;
			buildActionMask = 2147483647;
			files = (
				7A5D2B711E8422DB008EED4C /* WorkoutDetailIC.swift in Sources */,
				7A5EFA491E81408000A4CF41 /* Main iOS & watchOS.swift in Sources */,
				7ACF6DB41E8039B500579B67 /* Main watchOS.swift in Sources */,
				7ACF6DC01E803DF300579B67 /* DataManager.swift in Sources */,
				7ACF6DAD1E8038FB00579B67 /* Preferences.swift in Sources */,
				7ADCF6911E81135700ECF011 /* TableView CellControllers.swift in Sources */,
				7ACF6D951E802FD200579B67 /* ExtensionDelegate.swift in Sources */,
				7ACF6D931E802FD200579B67 /* WorkoutListIC.swift in Sources */,
				7ACF6DAF1E8038FB00579B67 /* Exercize.swift in Sources */,
				7ACF6DB01E8038FB00579B67 /* RepsSet.swift in Sources */,
				7ACF6DAE1E8038FB00579B67 /* Workout.swift in Sources */,
				7ACF6DB11E80390100579B67 /* GymTracker.xcdatamodeld in Sources */,
				7A3B8EEF1E856E8400F139F0 /* ExecuteWorkoutIC.swift in Sources */,
			);
			runOnlyForDeploymentPostprocessing = 0;
		};
/* End PBXSourcesBuildPhase section */

/* Begin PBXTargetDependency section */
		7ACE8B721E76D0D00011F839 /* PBXTargetDependency */ = {
			isa = PBXTargetDependency;
			name = "MBLibrary iOS";
			targetProxy = 7ACE8B711E76D0D00011F839 /* PBXContainerItemProxy */;
		};
		7ACF6D901E802FD200579B67 /* PBXTargetDependency */ = {
			isa = PBXTargetDependency;
			target = 7ACF6D8C1E802FD200579B67 /* Gym Tracker watchOS Extension */;
			targetProxy = 7ACF6D8F1E802FD200579B67 /* PBXContainerItemProxy */;
		};
		7ACF6D9A1E802FD200579B67 /* PBXTargetDependency */ = {
			isa = PBXTargetDependency;
			target = 7ACF6D801E802FD200579B67 /* Gym Tracker watchOS */;
			targetProxy = 7ACF6D991E802FD200579B67 /* PBXContainerItemProxy */;
		};
		7ACF6DBC1E803B0300579B67 /* PBXTargetDependency */ = {
			isa = PBXTargetDependency;
			name = "MBLibrary watchOS";
			targetProxy = 7ACF6DBB1E803B0300579B67 /* PBXContainerItemProxy */;
		};
/* End PBXTargetDependency section */

/* Begin PBXVariantGroup section */
		7ADC03CB1E78A328005BDC25 /* LaunchScreen.storyboard */ = {
			isa = PBXVariantGroup;
			children = (
				7ADC03CC1E78A328005BDC25 /* Base */,
			);
			name = LaunchScreen.storyboard;
			sourceTree = "<group>";
		};
		7ADC03CD1E78A328005BDC25 /* Main.storyboard */ = {
			isa = PBXVariantGroup;
			children = (
				7ADC03CE1E78A328005BDC25 /* Base */,
			);
			name = Main.storyboard;
			sourceTree = "<group>";
		};
		7AEE4D641E812A9200D843EB /* Interface.storyboard */ = {
			isa = PBXVariantGroup;
			children = (
				7AEE4D651E812A9200D843EB /* Base */,
			);
			name = Interface.storyboard;
			sourceTree = "<group>";
		};
/* End PBXVariantGroup section */

/* Begin XCBuildConfiguration section */
		7A4539D31E75CFC200AD0215 /* Debug */ = {
			isa = XCBuildConfiguration;
			buildSettings = {
				ALWAYS_SEARCH_USER_PATHS = NO;
				APP_NAME = "Gym Tracker";
				APP_NAME_IDENTIFIER = "$(APP_NAME:rfc1034identifier)";
				CLANG_ANALYZER_NONNULL = YES;
				CLANG_CXX_LANGUAGE_STANDARD = "gnu++0x";
				CLANG_CXX_LIBRARY = "libc++";
				CLANG_ENABLE_MODULES = YES;
				CLANG_ENABLE_OBJC_ARC = YES;
				CLANG_WARN_BOOL_CONVERSION = YES;
				CLANG_WARN_CONSTANT_CONVERSION = YES;
				CLANG_WARN_DIRECT_OBJC_ISA_USAGE = YES_ERROR;
				CLANG_WARN_DOCUMENTATION_COMMENTS = YES;
				CLANG_WARN_EMPTY_BODY = YES;
				CLANG_WARN_ENUM_CONVERSION = YES;
				CLANG_WARN_INFINITE_RECURSION = YES;
				CLANG_WARN_INT_CONVERSION = YES;
				CLANG_WARN_OBJC_ROOT_CLASS = YES_ERROR;
				CLANG_WARN_SUSPICIOUS_MOVE = YES;
				CLANG_WARN_UNREACHABLE_CODE = YES;
				CLANG_WARN__DUPLICATE_METHOD_MATCH = YES;
				"CODE_SIGN_IDENTITY[sdk=iphoneos*]" = "iPhone Developer";
				COPY_PHASE_STRIP = NO;
				DEBUG_INFORMATION_FORMAT = dwarf;
				ENABLE_STRICT_OBJC_MSGSEND = YES;
				ENABLE_TESTABILITY = YES;
				GCC_C_LANGUAGE_STANDARD = gnu99;
				GCC_DYNAMIC_NO_PIC = NO;
				GCC_NO_COMMON_BLOCKS = YES;
				GCC_OPTIMIZATION_LEVEL = 0;
				GCC_PREPROCESSOR_DEFINITIONS = (
					"DEBUG=1",
					"$(inherited)",
				);
				GCC_WARN_64_TO_32_BIT_CONVERSION = YES;
				GCC_WARN_ABOUT_RETURN_TYPE = YES_ERROR;
				GCC_WARN_UNDECLARED_SELECTOR = YES;
				GCC_WARN_UNINITIALIZED_AUTOS = YES_AGGRESSIVE;
				GCC_WARN_UNUSED_FUNCTION = YES;
				GCC_WARN_UNUSED_VARIABLE = YES;
				IPHONEOS_DEPLOYMENT_TARGET = 10.2;
				MTL_ENABLE_DEBUG_INFO = YES;
				ONLY_ACTIVE_ARCH = YES;
				SDKROOT = iphoneos;
				SWIFT_ACTIVE_COMPILATION_CONDITIONS = DEBUG;
				SWIFT_OPTIMIZATION_LEVEL = "-Onone";
			};
			name = Debug;
		};
		7A4539D41E75CFC200AD0215 /* Release */ = {
			isa = XCBuildConfiguration;
			buildSettings = {
				ALWAYS_SEARCH_USER_PATHS = NO;
				APP_NAME = "Gym Tracker";
				APP_NAME_IDENTIFIER = "$(APP_NAME:rfc1034identifier)";
				CLANG_ANALYZER_NONNULL = YES;
				CLANG_CXX_LANGUAGE_STANDARD = "gnu++0x";
				CLANG_CXX_LIBRARY = "libc++";
				CLANG_ENABLE_MODULES = YES;
				CLANG_ENABLE_OBJC_ARC = YES;
				CLANG_WARN_BOOL_CONVERSION = YES;
				CLANG_WARN_CONSTANT_CONVERSION = YES;
				CLANG_WARN_DIRECT_OBJC_ISA_USAGE = YES_ERROR;
				CLANG_WARN_DOCUMENTATION_COMMENTS = YES;
				CLANG_WARN_EMPTY_BODY = YES;
				CLANG_WARN_ENUM_CONVERSION = YES;
				CLANG_WARN_INFINITE_RECURSION = YES;
				CLANG_WARN_INT_CONVERSION = YES;
				CLANG_WARN_OBJC_ROOT_CLASS = YES_ERROR;
				CLANG_WARN_SUSPICIOUS_MOVE = YES;
				CLANG_WARN_UNREACHABLE_CODE = YES;
				CLANG_WARN__DUPLICATE_METHOD_MATCH = YES;
				"CODE_SIGN_IDENTITY[sdk=iphoneos*]" = "iPhone Developer";
				COPY_PHASE_STRIP = NO;
				DEBUG_INFORMATION_FORMAT = "dwarf-with-dsym";
				ENABLE_NS_ASSERTIONS = NO;
				ENABLE_STRICT_OBJC_MSGSEND = YES;
				GCC_C_LANGUAGE_STANDARD = gnu99;
				GCC_NO_COMMON_BLOCKS = YES;
				GCC_WARN_64_TO_32_BIT_CONVERSION = YES;
				GCC_WARN_ABOUT_RETURN_TYPE = YES_ERROR;
				GCC_WARN_UNDECLARED_SELECTOR = YES;
				GCC_WARN_UNINITIALIZED_AUTOS = YES_AGGRESSIVE;
				GCC_WARN_UNUSED_FUNCTION = YES;
				GCC_WARN_UNUSED_VARIABLE = YES;
				IPHONEOS_DEPLOYMENT_TARGET = 10.2;
				MTL_ENABLE_DEBUG_INFO = NO;
				SDKROOT = iphoneos;
				SWIFT_OPTIMIZATION_LEVEL = "-Owholemodule";
				VALIDATE_PRODUCT = YES;
			};
			name = Release;
		};
		7A4539D61E75CFC200AD0215 /* Debug */ = {
			isa = XCBuildConfiguration;
			buildSettings = {
				ALWAYS_EMBED_SWIFT_STANDARD_LIBRARIES = YES;
				ASSETCATALOG_COMPILER_APPICON_NAME = AppIcon;
				DEVELOPMENT_TEAM = C8D57YLUAC;
				INFOPLIST_FILE = "$(SRCROOT)/Gym Tracker iOS/Info.plist";
				LD_RUNPATH_SEARCH_PATHS = "$(inherited) @executable_path/Frameworks";
				PRODUCT_BUNDLE_IDENTIFIER = "Marco-Boschi.ios.$(APP_NAME_IDENTIFIER)";
				PRODUCT_NAME = "$(APP_NAME)";
				SWIFT_VERSION = 3.0;
			};
			name = Debug;
		};
		7A4539D71E75CFC200AD0215 /* Release */ = {
			isa = XCBuildConfiguration;
			buildSettings = {
				ALWAYS_EMBED_SWIFT_STANDARD_LIBRARIES = YES;
				ASSETCATALOG_COMPILER_APPICON_NAME = AppIcon;
				DEVELOPMENT_TEAM = C8D57YLUAC;
				INFOPLIST_FILE = "$(SRCROOT)/Gym Tracker iOS/Info.plist";
				LD_RUNPATH_SEARCH_PATHS = "$(inherited) @executable_path/Frameworks";
				PRODUCT_BUNDLE_IDENTIFIER = "Marco-Boschi.ios.$(APP_NAME_IDENTIFIER)";
				PRODUCT_NAME = "$(APP_NAME)";
				SWIFT_VERSION = 3.0;
			};
			name = Release;
		};
		7ACF6D9C1E802FD200579B67 /* Debug */ = {
			isa = XCBuildConfiguration;
			buildSettings = {
				ALWAYS_EMBED_SWIFT_STANDARD_LIBRARIES = YES;
				ASSETCATALOG_COMPILER_APPICON_NAME = AppIcon;
				DEVELOPMENT_TEAM = C8D57YLUAC;
				IBSC_MODULE = Gym_Tracker_watchOS_Extension;
				INFOPLIST_FILE = "Gym Tracker watchOS/Info.plist";
				PRODUCT_BUNDLE_IDENTIFIER = "Marco-Boschi.ios.$(APP_NAME_IDENTIFIER).watchkitapp";
				PRODUCT_NAME = "$(APP_NAME)";
				SDKROOT = watchos;
				SKIP_INSTALL = YES;
				SWIFT_VERSION = 3.0;
				TARGETED_DEVICE_FAMILY = 4;
				WATCHOS_DEPLOYMENT_TARGET = 3.1;
			};
			name = Debug;
		};
		7ACF6D9D1E802FD200579B67 /* Release */ = {
			isa = XCBuildConfiguration;
			buildSettings = {
				ALWAYS_EMBED_SWIFT_STANDARD_LIBRARIES = YES;
				ASSETCATALOG_COMPILER_APPICON_NAME = AppIcon;
				DEVELOPMENT_TEAM = C8D57YLUAC;
				IBSC_MODULE = Gym_Tracker_watchOS_Extension;
				INFOPLIST_FILE = "Gym Tracker watchOS/Info.plist";
				PRODUCT_BUNDLE_IDENTIFIER = "Marco-Boschi.ios.$(APP_NAME_IDENTIFIER).watchkitapp";
				PRODUCT_NAME = "$(APP_NAME)";
				SDKROOT = watchos;
				SKIP_INSTALL = YES;
				SWIFT_VERSION = 3.0;
				TARGETED_DEVICE_FAMILY = 4;
				WATCHOS_DEPLOYMENT_TARGET = 3.1;
			};
			name = Release;
		};
		7ACF6D9E1E802FD200579B67 /* Debug */ = {
			isa = XCBuildConfiguration;
			buildSettings = {
				ASSETCATALOG_COMPILER_COMPLICATION_NAME = Complication;
				DEVELOPMENT_TEAM = C8D57YLUAC;
				INFOPLIST_FILE = "Gym Tracker watchOS Extension/Info.plist";
				LD_RUNPATH_SEARCH_PATHS = "$(inherited) @executable_path/Frameworks @executable_path/../../Frameworks";
				PRODUCT_BUNDLE_IDENTIFIER = "Marco-Boschi.ios.$(APP_NAME_IDENTIFIER).watchkitapp.watchkitextension";
				PRODUCT_NAME = "${TARGET_NAME}";
				SDKROOT = watchos;
				SKIP_INSTALL = YES;
				SWIFT_VERSION = 3.0;
				TARGETED_DEVICE_FAMILY = 4;
				WATCHOS_DEPLOYMENT_TARGET = 3.1;
			};
			name = Debug;
		};
		7ACF6D9F1E802FD200579B67 /* Release */ = {
			isa = XCBuildConfiguration;
			buildSettings = {
				ASSETCATALOG_COMPILER_COMPLICATION_NAME = Complication;
				DEVELOPMENT_TEAM = C8D57YLUAC;
				INFOPLIST_FILE = "Gym Tracker watchOS Extension/Info.plist";
				LD_RUNPATH_SEARCH_PATHS = "$(inherited) @executable_path/Frameworks @executable_path/../../Frameworks";
				PRODUCT_BUNDLE_IDENTIFIER = "Marco-Boschi.ios.$(APP_NAME_IDENTIFIER).watchkitapp.watchkitextension";
				PRODUCT_NAME = "${TARGET_NAME}";
				SDKROOT = watchos;
				SKIP_INSTALL = YES;
				SWIFT_VERSION = 3.0;
				TARGETED_DEVICE_FAMILY = 4;
				WATCHOS_DEPLOYMENT_TARGET = 3.1;
			};
			name = Release;
		};
/* End XCBuildConfiguration section */

/* Begin XCConfigurationList section */
		7A4539BE1E75CFC200AD0215 /* Build configuration list for PBXProject "Gym Tracker" */ = {
			isa = XCConfigurationList;
			buildConfigurations = (
				7A4539D31E75CFC200AD0215 /* Debug */,
				7A4539D41E75CFC200AD0215 /* Release */,
			);
			defaultConfigurationIsVisible = 0;
			defaultConfigurationName = Release;
		};
		7A4539D51E75CFC200AD0215 /* Build configuration list for PBXNativeTarget "Gym Tracker iOS" */ = {
			isa = XCConfigurationList;
			buildConfigurations = (
				7A4539D61E75CFC200AD0215 /* Debug */,
				7A4539D71E75CFC200AD0215 /* Release */,
			);
			defaultConfigurationIsVisible = 0;
			defaultConfigurationName = Release;
		};
		7ACF6DA31E802FD200579B67 /* Build configuration list for PBXNativeTarget "Gym Tracker watchOS Extension" */ = {
			isa = XCConfigurationList;
			buildConfigurations = (
				7ACF6D9E1E802FD200579B67 /* Debug */,
				7ACF6D9F1E802FD200579B67 /* Release */,
			);
			defaultConfigurationIsVisible = 0;
			defaultConfigurationName = Release;
		};
		7ACF6DA51E802FD200579B67 /* Build configuration list for PBXNativeTarget "Gym Tracker watchOS" */ = {
			isa = XCConfigurationList;
			buildConfigurations = (
				7ACF6D9C1E802FD200579B67 /* Debug */,
				7ACF6D9D1E802FD200579B67 /* Release */,
			);
			defaultConfigurationIsVisible = 0;
			defaultConfigurationName = Release;
		};
/* End XCConfigurationList section */

/* Begin XCVersionGroup section */
		7ADC03BB1E78A187005BDC25 /* GymTracker.xcdatamodeld */ = {
			isa = XCVersionGroup;
			children = (
				7ADC03BC1E78A187005BDC25 /* GymTracker.xcdatamodel */,
			);
			currentVersion = 7ADC03BC1E78A187005BDC25 /* GymTracker.xcdatamodel */;
			path = GymTracker.xcdatamodeld;
			sourceTree = "<group>";
			versionGroupType = wrapper.xcdatamodel;
		};
/* End XCVersionGroup section */
	};
	rootObject = 7A4539BB1E75CFC200AD0215 /* Project object */;
}
